Microsoft Visual Studio Solution File, Format Version 12.00
# Visual Studio Version 16
VisualStudioVersion = 16.0.30204.135
MinimumVisualStudioVersion = 10.0.40219.1
Project("{9A19103F-16F7-4668-BE54-9A1E7A4F7556}") = "SmartThingsNet", "src\SmartThingsNet.csproj", "{E2D285EB-0557-4A11-831A-D062F07FA188}"
EndProject
Project("{2150E333-8FDC-42A3-9474-1A3956D46DE8}") = "Solution Items", "Solution Items", "{D876B771-7F81-4688-BF74-1264B3F49237}"
	ProjectSection(SolutionItems) = preProject
		.gitignore = .gitignore
		.github\workflows\dotnet-core-manual.yml = .github\workflows\dotnet-core-manual.yml
		.github\workflows\dotnet-core-pr.yml = .github\workflows\dotnet-core-pr.yml
		.github\workflows\dotnet-core.yml = .github\workflows\dotnet-core.yml
		GitVersion.yml = GitVersion.yml
		LICENSE.txt = LICENSE.txt
		README.md = README.md
	EndProjectSection
EndProject
Project("{2150E333-8FDC-42A3-9474-1A3956D46DE8}") = "docs", "docs", "{AC87B107-1B31-48C8-8A79-96C2C0D1CC67}"
	ProjectSection(SolutionItems) = preProject
		docs\Action.md = docs\Action.md
		docs\AdhocMessage.md = docs\AdhocMessage.md
		docs\AdhocMessageTemplate.md = docs\AdhocMessageTemplate.md
		docs\App.md = docs\App.md
		docs\AppClassification.md = docs\AppClassification.md
		docs\AppDeviceDetails.md = docs\AppDeviceDetails.md
		docs\AppOAuth.md = docs\AppOAuth.md
		docs\AppsApi.md = docs\AppsApi.md
		docs\AppTargetStatus.md = docs\AppTargetStatus.md
		docs\AppType.md = docs\AppType.md
		docs\AppUISettings.md = docs\AppUISettings.md
		docs\Argument.md = docs\Argument.md
		docs\ArrayOperand.md = docs\ArrayOperand.md
		docs\AttributeProperties.md = docs\AttributeProperties.md
		docs\AttributePropertiesData.md = docs\AttributePropertiesData.md
		docs\AttributePropertiesUnit.md = docs\AttributePropertiesUnit.md
		docs\AttributeSchema.md = docs\AttributeSchema.md
		docs\AttributeState.md = docs\AttributeState.md
		docs\BetweenCondition.md = docs\BetweenCondition.md
		docs\CapabilityAttribute.md = docs\CapabilityAttribute.md
		docs\CapabilityAttributeEnumCommands.md = docs\CapabilityAttributeEnumCommands.md
		docs\CapabilityCommand.md = docs\CapabilityCommand.md
		docs\CapabilityReference.md = docs\CapabilityReference.md
		docs\CapabilitySubscriptionDetail.md = docs\CapabilitySubscriptionDetail.md
		docs\CapabilitySummary.md = docs\CapabilitySummary.md
		docs\ChangesCondition.md = docs\ChangesCondition.md
		docs\CommandAction.md = docs\CommandAction.md
		docs\ComponentTranslations.md = docs\ComponentTranslations.md
		docs\Condition.md = docs\Condition.md
		docs\ConditionAggregationMode.md = docs\ConditionAggregationMode.md
		docs\ConfigEntry.md = docs\ConfigEntry.md
		docs\CreateAppRequest.md = docs\CreateAppRequest.md
		docs\CreateAppResponse.md = docs\CreateAppResponse.md
		docs\CreateDeviceProfileRequest.md = docs\CreateDeviceProfileRequest.md
		docs\CreateInstalledAppEventsRequest.md = docs\CreateInstalledAppEventsRequest.md
		docs\CreateLocationRequest.md = docs\CreateLocationRequest.md
		docs\CreateOrUpdateLambdaSmartAppRequest.md = docs\CreateOrUpdateLambdaSmartAppRequest.md
		docs\CreateOrUpdateWebhookSmartAppRequest.md = docs\CreateOrUpdateWebhookSmartAppRequest.md
		docs\CreateRoomRequest.md = docs\CreateRoomRequest.md
		docs\CronSchedule.md = docs\CronSchedule.md
		docs\DashboardCardLifecycle.md = docs\DashboardCardLifecycle.md
		docs\DateOperand.md = docs\DateOperand.md
		docs\DateTimeOperand.md = docs\DateTimeOperand.md
		docs\DayOfWeek.md = docs\DayOfWeek.md
		docs\DeleteInstalledAppResponse.md = docs\DeleteInstalledAppResponse.md
		docs\Device.md = docs\Device.md
		docs\DeviceActivity.md = docs\DeviceActivity.md
		docs\DeviceCategory.md = docs\DeviceCategory.md
		docs\DeviceCommand.md = docs\DeviceCommand.md
		docs\DeviceCommandsEvent.md = docs\DeviceCommandsEvent.md
		docs\DeviceCommandsEventCommand.md = docs\DeviceCommandsEventCommand.md
		docs\DeviceCommandsRequest.md = docs\DeviceCommandsRequest.md
		docs\DeviceComponent.md = docs\DeviceComponent.md
		docs\DeviceComponentReference.md = docs\DeviceComponentReference.md
		docs\DeviceConfig.md = docs\DeviceConfig.md
		docs\DeviceEvent.md = docs\DeviceEvent.md
		docs\DeviceEventsRequest.md = docs\DeviceEventsRequest.md
		docs\DeviceHealthDetail.md = docs\DeviceHealthDetail.md
		docs\DeviceHealthEvent.md = docs\DeviceHealthEvent.md
		docs\DeviceInstallRequest.md = docs\DeviceInstallRequest.md
		docs\DeviceInstallRequestApp.md = docs\DeviceInstallRequestApp.md
		docs\DeviceIntegrationType.md = docs\DeviceIntegrationType.md
		docs\DeviceLifecycle.md = docs\DeviceLifecycle.md
		docs\DeviceLifecycleDetail.md = docs\DeviceLifecycleDetail.md
		docs\DeviceLifecycleEvent.md = docs\DeviceLifecycleEvent.md
		docs\DeviceLifecycleMove.md = docs\DeviceLifecycleMove.md
		docs\DeviceNetworkSecurityLevel.md = docs\DeviceNetworkSecurityLevel.md
		docs\DeviceOperand.md = docs\DeviceOperand.md
		docs\DeviceProfile.md = docs\DeviceProfile.md
		docs\DeviceProfileReference.md = docs\DeviceProfileReference.md
		docs\DeviceprofilesApi.md = docs\DeviceprofilesApi.md
		docs\DeviceProfileStatus.md = docs\DeviceProfileStatus.md
		docs\DeviceResults.md = docs\DeviceResults.md
		docs\DevicesApi.md = docs\DevicesApi.md
		docs\DeviceStateEvent.md = docs\DeviceStateEvent.md
		docs\DeviceStatus.md = docs\DeviceStatus.md
		docs\DeviceSubscriptionDetail.md = docs\DeviceSubscriptionDetail.md
		docs\DthDeviceDetails.md = docs\DthDeviceDetails.md
		docs\EndpointApp.md = docs\EndpointApp.md
		docs\EqualsCondition.md = docs\EqualsCondition.md
		docs\Error.md = docs\Error.md
		docs\ErrorResponse.md = docs\ErrorResponse.md
		docs\EventType.md = docs\EventType.md
		docs\EveryAction.md = docs\EveryAction.md
		docs\ExecutionResult.md = docs\ExecutionResult.md
		docs\GenerateAppOAuthRequest.md = docs\GenerateAppOAuthRequest.md
		docs\GenerateAppOAuthResponse.md = docs\GenerateAppOAuthResponse.md
		docs\GetAppSettingsResponse.md = docs\GetAppSettingsResponse.md
		docs\GreaterThanCondition.md = docs\GreaterThanCondition.md
		docs\GreaterThanOrEqualsCondition.md = docs\GreaterThanOrEqualsCondition.md
		docs\HubHealthDetail.md = docs\HubHealthDetail.md
		docs\HubHealthEvent.md = docs\HubHealthEvent.md
		docs\IconImage.md = docs\IconImage.md
		docs\IfAction.md = docs\IfAction.md
		docs\IfActionAllOf.md = docs\IfActionAllOf.md
		docs\InstallConfiguration.md = docs\InstallConfiguration.md
		docs\InstallConfigurationDetail.md = docs\InstallConfigurationDetail.md
		docs\InstallConfigurationStatus.md = docs\InstallConfigurationStatus.md
		docs\InstalledApp.md = docs\InstalledApp.md
		docs\InstalledAppIconImage.md = docs\InstalledAppIconImage.md
		docs\InstalledAppLifecycle.md = docs\InstalledAppLifecycle.md
		docs\InstalledAppLifecycleError.md = docs\InstalledAppLifecycleError.md
		docs\InstalledAppLifecycleEvent.md = docs\InstalledAppLifecycleEvent.md
		docs\InstalledappsApi.md = docs\InstalledappsApi.md
		docs\InstalledAppStatus.md = docs\InstalledAppStatus.md
		docs\InstalledAppType.md = docs\InstalledAppType.md
		docs\InstalledAppUi.md = docs\InstalledAppUi.md
		docs\Interval.md = docs\Interval.md
		docs\IntervalUnit.md = docs\IntervalUnit.md
		docs\IrDeviceDetails.md = docs\IrDeviceDetails.md
		docs\IrDeviceDetailsFunctionCodes.md = docs\IrDeviceDetailsFunctionCodes.md
		docs\IsaResults.md = docs\IsaResults.md
		docs\LambdaSmartApp.md = docs\LambdaSmartApp.md
		docs\LessThanCondition.md = docs\LessThanCondition.md
		docs\LessThanOrEqualsCondition.md = docs\LessThanOrEqualsCondition.md
		docs\Link.md = docs\Link.md
		docs\Links.md = docs\Links.md
		docs\LocaleReference.md = docs\LocaleReference.md
		docs\LocaleVariables.md = docs\LocaleVariables.md
		docs\Location.md = docs\Location.md
		docs\LocationAction.md = docs\LocationAction.md
		docs\LocationAttribute.md = docs\LocationAttribute.md
		docs\LocationOperand.md = docs\LocationOperand.md
		docs\LocationsApi.md = docs\LocationsApi.md
		docs\Message.md = docs\Message.md
		docs\MessageConfig.md = docs\MessageConfig.md
		docs\MessageTemplate.md = docs\MessageTemplate.md
		docs\MessageType.md = docs\MessageType.md
		docs\Mode.md = docs\Mode.md
		docs\ModeConfig.md = docs\ModeConfig.md
		docs\ModeEvent.md = docs\ModeEvent.md
		docs\ModeSubscriptionDetail.md = docs\ModeSubscriptionDetail.md
		docs\Notice.md = docs\Notice.md
		docs\NoticeAction.md = docs\NoticeAction.md
		docs\NoticeCode.md = docs\NoticeCode.md
		docs\OnceSchedule.md = docs\OnceSchedule.md
		docs\Operand.md = docs\Operand.md
		docs\OperandAggregationMode.md = docs\OperandAggregationMode.md
		docs\Owner.md = docs\Owner.md
		docs\PagedApp.md = docs\PagedApp.md
		docs\PagedApps.md = docs\PagedApps.md
		docs\PagedDeviceProfiles.md = docs\PagedDeviceProfiles.md
		docs\PagedDevices.md = docs\PagedDevices.md
		docs\PagedInstallConfigurations.md = docs\PagedInstallConfigurations.md
		docs\PagedInstalledApps.md = docs\PagedInstalledApps.md
		docs\PagedLocation.md = docs\PagedLocation.md
		docs\PagedLocations.md = docs\PagedLocations.md
		docs\PagedMessageTemplate.md = docs\PagedMessageTemplate.md
		docs\PagedRooms.md = docs\PagedRooms.md
		docs\PagedRules.md = docs\PagedRules.md
		docs\PagedSchedules.md = docs\PagedSchedules.md
		docs\PagedSubscriptions.md = docs\PagedSubscriptions.md
		docs\ParentType.md = docs\ParentType.md
		docs\PermissionConfig.md = docs\PermissionConfig.md
		docs\PredefinedMessage.md = docs\PredefinedMessage.md
		docs\PrincipalType.md = docs\PrincipalType.md
		docs\Room.md = docs\Room.md
		docs\RoomsApi.md = docs\RoomsApi.md
		docs\Rule.md = docs\Rule.md
		docs\RuleAllOf.md = docs\RuleAllOf.md
		docs\RuleExecutionResponse.md = docs\RuleExecutionResponse.md
		docs\RuleMetadata.md = docs\RuleMetadata.md
		docs\RuleRequest.md = docs\RuleRequest.md
		docs\RulesApi.md = docs\RulesApi.md
		docs\SceneAction.md = docs\SceneAction.md
		docs\SceneArgument.md = docs\SceneArgument.md
		docs\SceneCapability.md = docs\SceneCapability.md
		docs\SceneCommand.md = docs\SceneCommand.md
		docs\SceneComponent.md = docs\SceneComponent.md
		docs\SceneConfig.md = docs\SceneConfig.md
		docs\SceneDevice.md = docs\SceneDevice.md
		docs\SceneDeviceGroup.md = docs\SceneDeviceGroup.md
		docs\SceneDeviceGroupRequest.md = docs\SceneDeviceGroupRequest.md
		docs\SceneDeviceRequest.md = docs\SceneDeviceRequest.md
		docs\SceneLifecycle.md = docs\SceneLifecycle.md
		docs\SceneLifecycleDetail.md = docs\SceneLifecycleDetail.md
		docs\SceneLifecycleEvent.md = docs\SceneLifecycleEvent.md
		docs\SceneMode.md = docs\SceneMode.md
		docs\SceneModeRequest.md = docs\SceneModeRequest.md
		docs\ScenePagedResult.md = docs\ScenePagedResult.md
		docs\SceneRequest.md = docs\SceneRequest.md
		docs\ScenesApi.md = docs\ScenesApi.md
		docs\SceneSecurityModeRequest.md = docs\SceneSecurityModeRequest.md
		docs\SceneSleepRequest.md = docs\SceneSleepRequest.md
		docs\SceneSummary.md = docs\SceneSummary.md
		docs\Schedule.md = docs\Schedule.md
		docs\ScheduleRequest.md = docs\ScheduleRequest.md
		docs\SchedulesApi.md = docs\SchedulesApi.md
		docs\SecurityArmStateDetail.md = docs\SecurityArmStateDetail.md
		docs\SecurityArmStateEvent.md = docs\SecurityArmStateEvent.md
		docs\SignatureType.md = docs\SignatureType.md
		docs\SimpleCondition.md = docs\SimpleCondition.md
		docs\SimpleValue.md = docs\SimpleValue.md
		docs\SingleOperandCondition.md = docs\SingleOperandCondition.md
		docs\SleepAction.md = docs\SleepAction.md
		docs\SmartAppDashboardCardEventRequest.md = docs\SmartAppDashboardCardEventRequest.md
		docs\SmartAppEventRequest.md = docs\SmartAppEventRequest.md
		docs\StandardSuccessResponse.md = docs\StandardSuccessResponse.md
		docs\StringConfig.md = docs\StringConfig.md
		docs\Subscription.md = docs\Subscription.md
		docs\SubscriptionDelete.md = docs\SubscriptionDelete.md
		docs\SubscriptionFilter.md = docs\SubscriptionFilter.md
		docs\SubscriptionFilterTypes.md = docs\SubscriptionFilterTypes.md
		docs\SubscriptionMode.md = docs\SubscriptionMode.md
		docs\SubscriptionRequest.md = docs\SubscriptionRequest.md
		docs\SubscriptionsApi.md = docs\SubscriptionsApi.md
		docs\SubscriptionSource.md = docs\SubscriptionSource.md
		docs\SubscriptionTarget.md = docs\SubscriptionTarget.md
		docs\TimeOperand.md = docs\TimeOperand.md
		docs\TimeReference.md = docs\TimeReference.md
		docs\TimerEvent.md = docs\TimerEvent.md
		docs\TimerType.md = docs\TimerType.md
		docs\UpdateAppOAuthRequest.md = docs\UpdateAppOAuthRequest.md
		docs\UpdateAppRequest.md = docs\UpdateAppRequest.md
		docs\UpdateAppSettingsRequest.md = docs\UpdateAppSettingsRequest.md
		docs\UpdateAppSettingsResponse.md = docs\UpdateAppSettingsResponse.md
		docs\UpdateDeviceProfileRequest.md = docs\UpdateDeviceProfileRequest.md
		docs\UpdateDeviceRequest.md = docs\UpdateDeviceRequest.md
		docs\UpdateDeviceRequestComponents.md = docs\UpdateDeviceRequestComponents.md
		docs\UpdateLocationRequest.md = docs\UpdateLocationRequest.md
		docs\UpdateRoomRequest.md = docs\UpdateRoomRequest.md
		docs\UpdateSignatureTypeRequest.md = docs\UpdateSignatureTypeRequest.md
		docs\ViperDeviceDetails.md = docs\ViperDeviceDetails.md
		docs\WebhookSmartApp.md = docs\WebhookSmartApp.md
	EndProjectSection
EndProject
Global
	GlobalSection(SolutionConfigurationPlatforms) = preSolution
		Debug|Any CPU = Debug|Any CPU
		Release|Any CPU = Release|Any CPU
	EndGlobalSection
	GlobalSection(ProjectConfigurationPlatforms) = postSolution
		{E2D285EB-0557-4A11-831A-D062F07FA188}.Debug|Any CPU.ActiveCfg = Debug|Any CPU
		{E2D285EB-0557-4A11-831A-D062F07FA188}.Debug|Any CPU.Build.0 = Debug|Any CPU
		{E2D285EB-0557-4A11-831A-D062F07FA188}.Release|Any CPU.ActiveCfg = Release|Any CPU
		{E2D285EB-0557-4A11-831A-D062F07FA188}.Release|Any CPU.Build.0 = Release|Any CPU
	EndGlobalSection
	GlobalSection(SolutionProperties) = preSolution
		HideSolutionNode = FALSE
	EndGlobalSection
	GlobalSection(NestedProjects) = preSolution
		{AC87B107-1B31-48C8-8A79-96C2C0D1CC67} = {D876B771-7F81-4688-BF74-1264B3F49237}
	EndGlobalSection
	GlobalSection(ExtensibilityGlobals) = postSolution
		SolutionGuid = {4D5C670C-4946-4A8A-A9A2-999C45D38517}
	EndGlobalSection
EndGlobal
